
Microsoft Visual Studio Solution File, Format Version 12.00
# Visual Studio 15
VisualStudioVersion = 15.0.26124.0
MinimumVisualStudioVersion = 15.0.26124.0
Project("{2150E333-8FDC-42A3-9474-1A3956D46DE8}") = "src", "src", "{40411981-A244-43CB-A0F6-A221678DE6FF}"
EndProject
Project("{FAE04EC0-301F-11D3-BF4B-00C04F79EFBC}") = "GradeBook", "src\GradeBook\GradeBook.csproj", "{5A3795F8-0162-472B-8F17-F728077B4CD8}"
EndProject
Project("{2150E333-8FDC-42A3-9474-1A3956D46DE8}") = "test", "test", "{DBEB8D40-89D2-4857-958F-FED630D2EC98}"
EndProject
Project("{FAE04EC0-301F-11D3-BF4B-00C04F79EFBC}") = "GradeBook.Tests", "test\GradeBook.Tests\GradeBook.Tests.csproj", "{51BC9759-1A16-431B-8760-00A8DDDA4741}"
EndProject
Global
	GlobalSection(SolutionConfigurationPlatforms) = preSolution
		Debug|Any CPU = Debug|Any CPU
		Debug|x64 = Debug|x64
		Debug|x86 = Debug|x86
		Release|Any CPU = Release|Any CPU
		Release|x64 = Release|x64
		Release|x86 = Release|x86
	EndGlobalSection
	GlobalSection(SolutionProperties) = preSolution
		HideSolutionNode = FALSE
	EndGlobalSection
	GlobalSection(ProjectConfigurationPlatforms) = postSolution
		{5A3795F8-0162-472B-8F17-F728077B4CD8}.Debug|Any CPU.ActiveCfg = Debug|Any CPU
		{5A3795F8-0162-472B-8F17-F728077B4CD8}.Debug|Any CPU.Build.0 = Debug|Any CPU
		{5A3795F8-0162-472B-8F17-F728077B4CD8}.Debug|x64.ActiveCfg = Debug|Any CPU
		{5A3795F8-0162-472B-8F17-F728077B4CD8}.Debug|x64.Build.0 = Debug|Any CPU
		{5A3795F8-0162-472B-8F17-F728077B4CD8}.Debug|x86.ActiveCfg = Debug|Any CPU
		{5A3795F8-0162-472B-8F17-F728077B4CD8}.Debug|x86.Build.0 = Debug|Any CPU
		{5A3795F8-0162-472B-8F17-F728077B4CD8}.Release|Any CPU.ActiveCfg = Release|Any CPU
		{5A3795F8-0162-472B-8F17-F728077B4CD8}.Release|Any CPU.Build.0 = Release|Any CPU
		{5A3795F8-0162-472B-8F17-F728077B4CD8}.Release|x64.ActiveCfg = Release|Any CPU
		{5A3795F8-0162-472B-8F17-F728077B4CD8}.Release|x64.Build.0 = Release|Any CPU
		{5A3795F8-0162-472B-8F17-F728077B4CD8}.Release|x86.ActiveCfg = Release|Any CPU
		{5A3795F8-0162-472B-8F17-F728077B4CD8}.Release|x86.Build.0 = Release|Any CPU
		{51BC9759-1A16-431B-8760-00A8DDDA4741}.Debug|Any CPU.ActiveCfg = Debug|Any CPU
		{51BC9759-1A16-431B-8760-00A8DDDA4741}.Debug|Any CPU.Build.0 = Debug|Any CPU
		{51BC9759-1A16-431B-8760-00A8DDDA4741}.Debug|x64.ActiveCfg = Debug|Any CPU
		{51BC9759-1A16-431B-8760-00A8DDDA4741}.Debug|x64.Build.0 = Debug|Any CPU
		{51BC9759-1A16-431B-8760-00A8DDDA4741}.Debug|x86.ActiveCfg = Debug|Any CPU
		{51BC9759-1A16-431B-8760-00A8DDDA4741}.Debug|x86.Build.0 = Debug|Any CPU
		{51BC9759-1A16-431B-8760-00A8DDDA4741}.Release|Any CPU.ActiveCfg = Release|Any CPU
		{51BC9759-1A16-431B-8760-00A8DDDA4741}.Release|Any CPU.Build.0 = Release|Any CPU
		{51BC9759-1A16-431B-8760-00A8DDDA4741}.Release|x64.ActiveCfg = Release|Any CPU
		{51BC9759-1A16-431B-8760-00A8DDDA4741}.Release|x64.Build.0 = Release|Any CPU
		{51BC9759-1A16-431B-8760-00A8DDDA4741}.Release|x86.ActiveCfg = Release|Any CPU
		{51BC9759-1A16-431B-8760-00A8DDDA4741}.Release|x86.Build.0 = Release|Any CPU
	EndGlobalSection
	GlobalSection(NestedProjects) = preSolution
		{5A3795F8-0162-472B-8F17-F728077B4CD8} = {40411981-A244-43CB-A0F6-A221678DE6FF}
		{51BC9759-1A16-431B-8760-00A8DDDA4741} = {DBEB8D40-89D2-4857-958F-FED630D2EC98}
	EndGlobalSection
EndGlobal
